
Microsoft Visual Studio Solution File, Format Version 12.00
# Visual Studio Version 17
VisualStudioVersion = 17.7.34024.191
MinimumVisualStudioVersion = 10.0.40219.1
Project("{FAE04EC0-301F-11D3-BF4B-00C04F79EFBC}") = "AppFP", "AppFP.csproj", "{0BD20327-288A-40DD-B16B-00CC505BFF8E}"
EndProject
Global
	GlobalSection(SolutionConfigurationPlatforms) = preSolution
		Debug|Any CPU = Debug|Any CPU
		Release|Any CPU = Release|Any CPU
	EndGlobalSection
	GlobalSection(ProjectConfigurationPlatforms) = postSolution
		{0BD20327-288A-40DD-B16B-00CC505BFF8E}.Debug|Any CPU.ActiveCfg = Debug|Any CPU
		{0BD20327-288A-40DD-B16B-00CC505BFF8E}.Debug|Any CPU.Build.0 = Debug|Any CPU
		{0BD20327-288A-40DD-B16B-00CC505BFF8E}.Release|Any CPU.ActiveCfg = Release|Any CPU
		{0BD20327-288A-40DD-B16B-00CC505BFF8E}.Release|Any CPU.Build.0 = Release|Any CPU
	EndGlobalSection
	GlobalSection(SolutionProperties) = preSolution
		HideSolutionNode = FALSE
	EndGlobalSection
	GlobalSection(ExtensibilityGlobals) = postSolution
		SolutionGuid = {029EB462-EE86-422C-B84F-91E1C98103C5}
	EndGlobalSection
EndGlobal
